
Microsoft Visual Studio Solution File, Format Version 12.00
# Visual Studio Version 17
VisualStudioVersion = 17.0.31903.59
MinimumVisualStudioVersion = 10.0.40219.1
Project("{FAE04EC0-301F-11D3-BF4B-00C04F79EFBC}") = "SecondBrain.Api", "SecondBrain.Api\SecondBrain.Api.csproj", "{3C4F2FB4-C5D8-49CA-8F3B-666447C8E6C9}"
EndProject
Project("{FAE04EC0-301F-11D3-BF4B-00C04F79EFBC}") = "SecondBrain.Data", "SecondBrain.Data\SecondBrain.Data.csproj", "{BF5B48B5-3F11-4EA0-80D8-CE597D4C3584}"
EndProject
Project("{FAE04EC0-301F-11D3-BF4B-00C04F79EFBC}") = "SecondBrain.Services", "SecondBrain.Services\SecondBrain.Services.csproj", "{A94E61D3-CA25-4578-BFCB-49BD60AA4CD9}"
EndProject
Global
	GlobalSection(SolutionConfigurationPlatforms) = preSolution
		Debug|Any CPU = Debug|Any CPU
		Release|Any CPU = Release|Any CPU
	EndGlobalSection
	GlobalSection(SolutionProperties) = preSolution
		HideSolutionNode = FALSE
	EndGlobalSection
	GlobalSection(ProjectConfigurationPlatforms) = postSolution
		{3C4F2FB4-C5D8-49CA-8F3B-666447C8E6C9}.Debug|Any CPU.ActiveCfg = Debug|Any CPU
		{3C4F2FB4-C5D8-49CA-8F3B-666447C8E6C9}.Debug|Any CPU.Build.0 = Debug|Any CPU
		{3C4F2FB4-C5D8-49CA-8F3B-666447C8E6C9}.Release|Any CPU.ActiveCfg = Release|Any CPU
		{3C4F2FB4-C5D8-49CA-8F3B-666447C8E6C9}.Release|Any CPU.Build.0 = Release|Any CPU
		{BF5B48B5-3F11-4EA0-80D8-CE597D4C3584}.Debug|Any CPU.ActiveCfg = Debug|Any CPU
		{BF5B48B5-3F11-4EA0-80D8-CE597D4C3584}.Debug|Any CPU.Build.0 = Debug|Any CPU
		{BF5B48B5-3F11-4EA0-80D8-CE597D4C3584}.Release|Any CPU.ActiveCfg = Release|Any CPU
		{BF5B48B5-3F11-4EA0-80D8-CE597D4C3584}.Release|Any CPU.Build.0 = Release|Any CPU
		{A94E61D3-CA25-4578-BFCB-49BD60AA4CD9}.Debug|Any CPU.ActiveCfg = Debug|Any CPU
		{A94E61D3-CA25-4578-BFCB-49BD60AA4CD9}.Debug|Any CPU.Build.0 = Debug|Any CPU
		{A94E61D3-CA25-4578-BFCB-49BD60AA4CD9}.Release|Any CPU.ActiveCfg = Release|Any CPU
		{A94E61D3-CA25-4578-BFCB-49BD60AA4CD9}.Release|Any CPU.Build.0 = Release|Any CPU
	EndGlobalSection
EndGlobal
