
Microsoft Visual Studio Solution File, Format Version 12.00
# Visual Studio Version 17
VisualStudioVersion = 17.0.31903.59
MinimumVisualStudioVersion = 10.0.40219.1
Project("{2150E333-8FDC-42A3-9474-1A3956D46DE8}") = "src", "src", "{827E0CD3-B72D-47B6-A68D-7590B98EB39B}"
EndProject
Project("{FAE04EC0-301F-11D3-BF4B-00C04F79EFBC}") = "SecondBrain.API", "src\SecondBrain.API\SecondBrain.API.csproj", "{C97C7102-678D-4395-B6E9-0A380C1170F5}"
EndProject
Project("{FAE04EC0-301F-11D3-BF4B-00C04F79EFBC}") = "SecondBrain.Core", "src\SecondBrain.Core\SecondBrain.Core.csproj", "{CCA16F24-174A-4A57-80B6-2C3DDCBA4972}"
EndProject
Project("{FAE04EC0-301F-11D3-BF4B-00C04F79EFBC}") = "SecondBrain.Application", "src\SecondBrain.Application\SecondBrain.Application.csproj", "{1BDA87C6-5517-4279-8F6F-D66DC0E0DC07}"
EndProject
Project("{FAE04EC0-301F-11D3-BF4B-00C04F79EFBC}") = "SecondBrain.Infrastructure", "src\SecondBrain.Infrastructure\SecondBrain.Infrastructure.csproj", "{1400BAA4-7FA0-44D1-92EE-8B94467697D0}"
EndProject
Project("{2150E333-8FDC-42A3-9474-1A3956D46DE8}") = "tests", "tests", "{A1B2C3D4-E5F6-47A8-B9C0-D1E2F3A4B5C6}"
EndProject
Project("{FAE04EC0-301F-11D3-BF4B-00C04F79EFBC}") = "SecondBrain.Tests.Unit", "tests\SecondBrain.Tests.Unit\SecondBrain.Tests.Unit.csproj", "{D2E3F4A5-B6C7-48D9-A0B1-C2D3E4F5A6B7}"
EndProject
Project("{FAE04EC0-301F-11D3-BF4B-00C04F79EFBC}") = "SecondBrain.Tests.Integration", "tests\SecondBrain.Tests.Integration\SecondBrain.Tests.Integration.csproj", "{E3F4A5B6-C7D8-49E0-B1C2-D3E4F5A6B7C8}"
EndProject
Project("{2150E333-8FDC-42A3-9474-1A3956D46DE8}") = "benchmarks", "benchmarks", "{66320409-64EC-F7C5-3DEF-65E7510DAAD1}"
EndProject
Project("{FAE04EC0-301F-11D3-BF4B-00C04F79EFBC}") = "SecondBrain.Benchmarks", "benchmarks\SecondBrain.Benchmarks\SecondBrain.Benchmarks.csproj", "{E22DCFF6-382B-414A-87E1-36DA42FE9152}"
EndProject
Global
	GlobalSection(SolutionConfigurationPlatforms) = preSolution
		Debug|Any CPU = Debug|Any CPU
		Debug|x64 = Debug|x64
		Debug|x86 = Debug|x86
		Release|Any CPU = Release|Any CPU
		Release|x64 = Release|x64
		Release|x86 = Release|x86
	EndGlobalSection
	GlobalSection(ProjectConfigurationPlatforms) = postSolution
		{C97C7102-678D-4395-B6E9-0A380C1170F5}.Debug|Any CPU.ActiveCfg = Debug|Any CPU
		{C97C7102-678D-4395-B6E9-0A380C1170F5}.Debug|Any CPU.Build.0 = Debug|Any CPU
		{C97C7102-678D-4395-B6E9-0A380C1170F5}.Debug|x64.ActiveCfg = Debug|Any CPU
		{C97C7102-678D-4395-B6E9-0A380C1170F5}.Debug|x64.Build.0 = Debug|Any CPU
		{C97C7102-678D-4395-B6E9-0A380C1170F5}.Debug|x86.ActiveCfg = Debug|Any CPU
		{C97C7102-678D-4395-B6E9-0A380C1170F5}.Debug|x86.Build.0 = Debug|Any CPU
		{C97C7102-678D-4395-B6E9-0A380C1170F5}.Release|Any CPU.ActiveCfg = Release|Any CPU
		{C97C7102-678D-4395-B6E9-0A380C1170F5}.Release|Any CPU.Build.0 = Release|Any CPU
		{C97C7102-678D-4395-B6E9-0A380C1170F5}.Release|x64.ActiveCfg = Release|Any CPU
		{C97C7102-678D-4395-B6E9-0A380C1170F5}.Release|x64.Build.0 = Release|Any CPU
		{C97C7102-678D-4395-B6E9-0A380C1170F5}.Release|x86.ActiveCfg = Release|Any CPU
		{C97C7102-678D-4395-B6E9-0A380C1170F5}.Release|x86.Build.0 = Release|Any CPU
		{CCA16F24-174A-4A57-80B6-2C3DDCBA4972}.Debug|Any CPU.ActiveCfg = Debug|Any CPU
		{CCA16F24-174A-4A57-80B6-2C3DDCBA4972}.Debug|Any CPU.Build.0 = Debug|Any CPU
		{CCA16F24-174A-4A57-80B6-2C3DDCBA4972}.Debug|x64.ActiveCfg = Debug|Any CPU
		{CCA16F24-174A-4A57-80B6-2C3DDCBA4972}.Debug|x64.Build.0 = Debug|Any CPU
		{CCA16F24-174A-4A57-80B6-2C3DDCBA4972}.Debug|x86.ActiveCfg = Debug|Any CPU
		{CCA16F24-174A-4A57-80B6-2C3DDCBA4972}.Debug|x86.Build.0 = Debug|Any CPU
		{CCA16F24-174A-4A57-80B6-2C3DDCBA4972}.Release|Any CPU.ActiveCfg = Release|Any CPU
		{CCA16F24-174A-4A57-80B6-2C3DDCBA4972}.Release|Any CPU.Build.0 = Release|Any CPU
		{CCA16F24-174A-4A57-80B6-2C3DDCBA4972}.Release|x64.ActiveCfg = Release|Any CPU
		{CCA16F24-174A-4A57-80B6-2C3DDCBA4972}.Release|x64.Build.0 = Release|Any CPU
		{CCA16F24-174A-4A57-80B6-2C3DDCBA4972}.Release|x86.ActiveCfg = Release|Any CPU
		{CCA16F24-174A-4A57-80B6-2C3DDCBA4972}.Release|x86.Build.0 = Release|Any CPU
		{1BDA87C6-5517-4279-8F6F-D66DC0E0DC07}.Debug|Any CPU.ActiveCfg = Debug|Any CPU
		{1BDA87C6-5517-4279-8F6F-D66DC0E0DC07}.Debug|Any CPU.Build.0 = Debug|Any CPU
		{1BDA87C6-5517-4279-8F6F-D66DC0E0DC07}.Debug|x64.ActiveCfg = Debug|Any CPU
		{1BDA87C6-5517-4279-8F6F-D66DC0E0DC07}.Debug|x64.Build.0 = Debug|Any CPU
		{1BDA87C6-5517-4279-8F6F-D66DC0E0DC07}.Debug|x86.ActiveCfg = Debug|Any CPU
		{1BDA87C6-5517-4279-8F6F-D66DC0E0DC07}.Debug|x86.Build.0 = Debug|Any CPU
		{1BDA87C6-5517-4279-8F6F-D66DC0E0DC07}.Release|Any CPU.ActiveCfg = Release|Any CPU
		{1BDA87C6-5517-4279-8F6F-D66DC0E0DC07}.Release|Any CPU.Build.0 = Release|Any CPU
		{1BDA87C6-5517-4279-8F6F-D66DC0E0DC07}.Release|x64.ActiveCfg = Release|Any CPU
		{1BDA87C6-5517-4279-8F6F-D66DC0E0DC07}.Release|x64.Build.0 = Release|Any CPU
		{1BDA87C6-5517-4279-8F6F-D66DC0E0DC07}.Release|x86.ActiveCfg = Release|Any CPU
		{1BDA87C6-5517-4279-8F6F-D66DC0E0DC07}.Release|x86.Build.0 = Release|Any CPU
		{1400BAA4-7FA0-44D1-92EE-8B94467697D0}.Debug|Any CPU.ActiveCfg = Debug|Any CPU
		{1400BAA4-7FA0-44D1-92EE-8B94467697D0}.Debug|Any CPU.Build.0 = Debug|Any CPU
		{1400BAA4-7FA0-44D1-92EE-8B94467697D0}.Debug|x64.ActiveCfg = Debug|Any CPU
		{1400BAA4-7FA0-44D1-92EE-8B94467697D0}.Debug|x64.Build.0 = Debug|Any CPU
		{1400BAA4-7FA0-44D1-92EE-8B94467697D0}.Debug|x86.ActiveCfg = Debug|Any CPU
		{1400BAA4-7FA0-44D1-92EE-8B94467697D0}.Debug|x86.Build.0 = Debug|Any CPU
		{1400BAA4-7FA0-44D1-92EE-8B94467697D0}.Release|Any CPU.ActiveCfg = Release|Any CPU
		{1400BAA4-7FA0-44D1-92EE-8B94467697D0}.Release|Any CPU.Build.0 = Release|Any CPU
		{1400BAA4-7FA0-44D1-92EE-8B94467697D0}.Release|x64.ActiveCfg = Release|Any CPU
		{1400BAA4-7FA0-44D1-92EE-8B94467697D0}.Release|x64.Build.0 = Release|Any CPU
		{1400BAA4-7FA0-44D1-92EE-8B94467697D0}.Release|x86.ActiveCfg = Release|Any CPU
		{1400BAA4-7FA0-44D1-92EE-8B94467697D0}.Release|x86.Build.0 = Release|Any CPU
		{D2E3F4A5-B6C7-48D9-A0B1-C2D3E4F5A6B7}.Debug|Any CPU.ActiveCfg = Debug|Any CPU
		{D2E3F4A5-B6C7-48D9-A0B1-C2D3E4F5A6B7}.Debug|Any CPU.Build.0 = Debug|Any CPU
		{D2E3F4A5-B6C7-48D9-A0B1-C2D3E4F5A6B7}.Debug|x64.ActiveCfg = Debug|Any CPU
		{D2E3F4A5-B6C7-48D9-A0B1-C2D3E4F5A6B7}.Debug|x64.Build.0 = Debug|Any CPU
		{D2E3F4A5-B6C7-48D9-A0B1-C2D3E4F5A6B7}.Debug|x86.ActiveCfg = Debug|Any CPU
		{D2E3F4A5-B6C7-48D9-A0B1-C2D3E4F5A6B7}.Debug|x86.Build.0 = Debug|Any CPU
		{D2E3F4A5-B6C7-48D9-A0B1-C2D3E4F5A6B7}.Release|Any CPU.ActiveCfg = Release|Any CPU
		{D2E3F4A5-B6C7-48D9-A0B1-C2D3E4F5A6B7}.Release|Any CPU.Build.0 = Release|Any CPU
		{D2E3F4A5-B6C7-48D9-A0B1-C2D3E4F5A6B7}.Release|x64.ActiveCfg = Release|Any CPU
		{D2E3F4A5-B6C7-48D9-A0B1-C2D3E4F5A6B7}.Release|x64.Build.0 = Release|Any CPU
		{D2E3F4A5-B6C7-48D9-A0B1-C2D3E4F5A6B7}.Release|x86.ActiveCfg = Release|Any CPU
		{D2E3F4A5-B6C7-48D9-A0B1-C2D3E4F5A6B7}.Release|x86.Build.0 = Release|Any CPU
		{E3F4A5B6-C7D8-49E0-B1C2-D3E4F5A6B7C8}.Debug|Any CPU.ActiveCfg = Debug|Any CPU
		{E3F4A5B6-C7D8-49E0-B1C2-D3E4F5A6B7C8}.Debug|Any CPU.Build.0 = Debug|Any CPU
		{E3F4A5B6-C7D8-49E0-B1C2-D3E4F5A6B7C8}.Debug|x64.ActiveCfg = Debug|Any CPU
		{E3F4A5B6-C7D8-49E0-B1C2-D3E4F5A6B7C8}.Debug|x64.Build.0 = Debug|Any CPU
		{E3F4A5B6-C7D8-49E0-B1C2-D3E4F5A6B7C8}.Debug|x86.ActiveCfg = Debug|Any CPU
		{E3F4A5B6-C7D8-49E0-B1C2-D3E4F5A6B7C8}.Debug|x86.Build.0 = Debug|Any CPU
		{E3F4A5B6-C7D8-49E0-B1C2-D3E4F5A6B7C8}.Release|Any CPU.ActiveCfg = Release|Any CPU
		{E3F4A5B6-C7D8-49E0-B1C2-D3E4F5A6B7C8}.Release|Any CPU.Build.0 = Release|Any CPU
		{E3F4A5B6-C7D8-49E0-B1C2-D3E4F5A6B7C8}.Release|x64.ActiveCfg = Release|Any CPU
		{E3F4A5B6-C7D8-49E0-B1C2-D3E4F5A6B7C8}.Release|x64.Build.0 = Release|Any CPU
		{E3F4A5B6-C7D8-49E0-B1C2-D3E4F5A6B7C8}.Release|x86.ActiveCfg = Release|Any CPU
		{E3F4A5B6-C7D8-49E0-B1C2-D3E4F5A6B7C8}.Release|x86.Build.0 = Release|Any CPU
		{E22DCFF6-382B-414A-87E1-36DA42FE9152}.Debug|Any CPU.ActiveCfg = Debug|Any CPU
		{E22DCFF6-382B-414A-87E1-36DA42FE9152}.Debug|Any CPU.Build.0 = Debug|Any CPU
		{E22DCFF6-382B-414A-87E1-36DA42FE9152}.Debug|x64.ActiveCfg = Debug|Any CPU
		{E22DCFF6-382B-414A-87E1-36DA42FE9152}.Debug|x64.Build.0 = Debug|Any CPU
		{E22DCFF6-382B-414A-87E1-36DA42FE9152}.Debug|x86.ActiveCfg = Debug|Any CPU
		{E22DCFF6-382B-414A-87E1-36DA42FE9152}.Debug|x86.Build.0 = Debug|Any CPU
		{E22DCFF6-382B-414A-87E1-36DA42FE9152}.Release|Any CPU.ActiveCfg = Release|Any CPU
		{E22DCFF6-382B-414A-87E1-36DA42FE9152}.Release|Any CPU.Build.0 = Release|Any CPU
		{E22DCFF6-382B-414A-87E1-36DA42FE9152}.Release|x64.ActiveCfg = Release|Any CPU
		{E22DCFF6-382B-414A-87E1-36DA42FE9152}.Release|x64.Build.0 = Release|Any CPU
		{E22DCFF6-382B-414A-87E1-36DA42FE9152}.Release|x86.ActiveCfg = Release|Any CPU
		{E22DCFF6-382B-414A-87E1-36DA42FE9152}.Release|x86.Build.0 = Release|Any CPU
	EndGlobalSection
	GlobalSection(SolutionProperties) = preSolution
		HideSolutionNode = FALSE
	EndGlobalSection
	GlobalSection(NestedProjects) = preSolution
		{C97C7102-678D-4395-B6E9-0A380C1170F5} = {827E0CD3-B72D-47B6-A68D-7590B98EB39B}
		{CCA16F24-174A-4A57-80B6-2C3DDCBA4972} = {827E0CD3-B72D-47B6-A68D-7590B98EB39B}
		{1BDA87C6-5517-4279-8F6F-D66DC0E0DC07} = {827E0CD3-B72D-47B6-A68D-7590B98EB39B}
		{1400BAA4-7FA0-44D1-92EE-8B94467697D0} = {827E0CD3-B72D-47B6-A68D-7590B98EB39B}
		{D2E3F4A5-B6C7-48D9-A0B1-C2D3E4F5A6B7} = {A1B2C3D4-E5F6-47A8-B9C0-D1E2F3A4B5C6}
		{E3F4A5B6-C7D8-49E0-B1C2-D3E4F5A6B7C8} = {A1B2C3D4-E5F6-47A8-B9C0-D1E2F3A4B5C6}
		{E22DCFF6-382B-414A-87E1-36DA42FE9152} = {66320409-64EC-F7C5-3DEF-65E7510DAAD1}
	EndGlobalSection
EndGlobal
